
Microsoft Visual Studio Solution File, Format Version 12.00
# Visual Studio Version 16
VisualStudioVersion = 16.0.30413.136
MinimumVisualStudioVersion = 10.0.40219.1
Project("{FAE04EC0-301F-11D3-BF4B-00C04F79EFBC}") = "HOME_IOT_NEW_SKIN", "HOME_IOT_NEW_SKIN\HOME_IOT_NEW_SKIN.csproj", "{D7798633-AAF3-4ED3-BEC1-3DE4EBCCCBE2}"
EndProject
Global
	GlobalSection(SolutionConfigurationPlatforms) = preSolution
		Debug|Any CPU = Debug|Any CPU
		Release|Any CPU = Release|Any CPU
	EndGlobalSection
	GlobalSection(ProjectConfigurationPlatforms) = postSolution
		{D7798633-AAF3-4ED3-BEC1-3DE4EBCCCBE2}.Debug|Any CPU.ActiveCfg = Debug|Any CPU
		{D7798633-AAF3-4ED3-BEC1-3DE4EBCCCBE2}.Debug|Any CPU.Build.0 = Debug|Any CPU
		{D7798633-AAF3-4ED3-BEC1-3DE4EBCCCBE2}.Release|Any CPU.ActiveCfg = Release|Any CPU
		{D7798633-AAF3-4ED3-BEC1-3DE4EBCCCBE2}.Release|Any CPU.Build.0 = Release|Any CPU
	EndGlobalSection
	GlobalSection(SolutionProperties) = preSolution
		HideSolutionNode = FALSE
	EndGlobalSection
	GlobalSection(ExtensibilityGlobals) = postSolution
		SolutionGuid = {C9183595-9DC3-4B89-B2DD-447D55267055}
	EndGlobalSection
EndGlobal
